// !$*UTF8*$!
{
	archiveVersion = 1;
	classes = {
	};
	objectVersion = 46;
	objects = {

/* Begin PBXBuildFile section */
		EA1F312518E2582F008E7AE4 /* UIView+TCTAddtion.h in Copy Files */ = {isa = PBXBuildFile; fileRef = EA9DCBFB18E0EC1300B6C099 /* UIView+TCTAddtion.h */; };
		EA9DCBD518E0EB8200B6C099 /* Foundation.framework in Frameworks */ = {isa = PBXBuildFile; fileRef = EA9DCBD418E0EB8200B6C099 /* Foundation.framework */; };
		EA9DCBDA18E0EB8200B6C099 /* TCTDEVLIB.h in Copy Files */ = {isa = PBXBuildFile; fileRef = EA9DCBD918E0EB8200B6C099 /* TCTDEVLIB.h */; };
		EA9DCBFD18E0EC1300B6C099 /* UIView+TCTAddtion.m in Sources */ = {isa = PBXBuildFile; fileRef = EA9DCBFC18E0EC1300B6C099 /* UIView+TCTAddtion.m */; };
		EA9DCBFF18E0EC6C00B6C099 /* UIKit.framework in Frameworks */ = {isa = PBXBuildFile; fileRef = EA9DCBFE18E0EC6C00B6C099 /* UIKit.framework */; };
/* End PBXBuildFile section */

/* Begin PBXCopyFilesBuildPhase section */
		EA9DCBCF18E0EB8200B6C099 /* Copy Files */ = {
			isa = PBXCopyFilesBuildPhase;
			buildActionMask = 12;
			dstPath = "include/$(PRODUCT_NAME)";
			dstSubfolderSpec = 16;
			files = (
				EA1F312518E2582F008E7AE4 /* UIView+TCTAddtion.h in Copy Files */,
				EA9DCBDA18E0EB8200B6C099 /* TCTDEVLIB.h in Copy Files */,
			);
			name = "Copy Files";
			runOnlyForDeploymentPostprocessing = 0;
		};
/* End PBXCopyFilesBuildPhase section */

/* Begin PBXFileReference section */
		EA9DCBD118E0EB8200B6C099 /* libTCTDEVLIB.a */ = {isa = PBXFileReference; explicitFileType = archive.ar; includeInIndex = 0; path = libTCTDEVLIB.a; sourceTree = BUILT_PRODUCTS_DIR; };
		EA9DCBD418E0EB8200B6C099 /* Foundation.framework */ = {isa = PBXFileReference; lastKnownFileType = wrapper.framework; name = Foundation.framework; path = System/Library/Frameworks/Foundation.framework; sourceTree = SDKROOT; };
		EA9DCBD818E0EB8200B6C099 /* TCTDEVLIB-Prefix.pch */ = {isa = PBXFileReference; lastKnownFileType = sourcecode.c.h; path = "TCTDEVLIB-Prefix.pch"; sourceTree = "<group>"; };
		EA9DCBD918E0EB8200B6C099 /* TCTDEVLIB.h */ = {isa = PBXFileReference; lastKnownFileType = sourcecode.c.h; path = TCTDEVLIB.h; sourceTree = "<group>"; };
		EA9DCBFB18E0EC1300B6C099 /* UIView+TCTAddtion.h */ = {isa = PBXFileReference; fileEncoding = 4; lastKnownFileType = sourcecode.c.h; path = "UIView+TCTAddtion.h"; sourceTree = "<group>"; };
		EA9DCBFC18E0EC1300B6C099 /* UIView+TCTAddtion.m */ = {isa = PBXFileReference; fileEncoding = 4; lastKnownFileType = sourcecode.c.objc; path = "UIView+TCTAddtion.m"; sourceTree = "<group>"; };
		EA9DCBFE18E0EC6C00B6C099 /* UIKit.framework */ = {isa = PBXFileReference; lastKnownFileType = wrapper.framework; name = UIKit.framework; path = System/Library/Frameworks/UIKit.framework; sourceTree = SDKROOT; };
/* End PBXFileReference section */

/* Begin PBXFrameworksBuildPhase section */
		EA9DCBCE18E0EB8200B6C099 /* Frameworks */ = {
			isa = PBXFrameworksBuildPhase;
			buildActionMask = 2147483647;
			files = (
				EA9DCBFF18E0EC6C00B6C099 /* UIKit.framework in Frameworks */,
				EA9DCBD518E0EB8200B6C099 /* Foundation.framework in Frameworks */,
			);
			runOnlyForDeploymentPostprocessing = 0;
		};
/* End PBXFrameworksBuildPhase section */

/* Begin PBXGroup section */
		EA9DCBC818E0EB8200B6C099 = {
			isa = PBXGroup;
			children = (
				EA9DCBD618E0EB8200B6C099 /* TCTDEVLIB */,
				EA9DCBD318E0EB8200B6C099 /* Frameworks */,
				EA9DCBD218E0EB8200B6C099 /* Products */,
			);
			sourceTree = "<group>";
		};
		EA9DCBD218E0EB8200B6C099 /* Products */ = {
			isa = PBXGroup;
			children = (
				EA9DCBD118E0EB8200B6C099 /* libTCTDEVLIB.a */,
			);
			name = Products;
			sourceTree = "<group>";
		};
		EA9DCBD318E0EB8200B6C099 /* Frameworks */ = {
			isa = PBXGroup;
			children = (
				EA9DCBFE18E0EC6C00B6C099 /* UIKit.framework */,
				EA9DCBD418E0EB8200B6C099 /* Foundation.framework */,
			);
			name = Frameworks;
			sourceTree = "<group>";
		};
		EA9DCBD618E0EB8200B6C099 /* TCTDEVLIB */ = {
			isa = PBXGroup;
			children = (
				EA9DCBD718E0EB8200B6C099 /* Supporting Files */,
				EA9DCC0018E0ECA200B6C099 /* View */,
			);
			path = TCTDEVLIB;
			sourceTree = "<group>";
		};
		EA9DCBD718E0EB8200B6C099 /* Supporting Files */ = {
			isa = PBXGroup;
			children = (
				EA9DCBD918E0EB8200B6C099 /* TCTDEVLIB.h */,
				EA9DCBD818E0EB8200B6C099 /* TCTDEVLIB-Prefix.pch */,
			);
			name = "Supporting Files";
			sourceTree = "<group>";
		};
		EA9DCC0018E0ECA200B6C099 /* View */ = {
			isa = PBXGroup;
			children = (
				EA9DCBFB18E0EC1300B6C099 /* UIView+TCTAddtion.h */,
				EA9DCBFC18E0EC1300B6C099 /* UIView+TCTAddtion.m */,
			);
			name = View;
			path = TCTDEVLIB/View;
			sourceTree = SOURCE_ROOT;
		};
/* End PBXGroup section */

/* Begin PBXNativeTarget section */
		EA9DCBD018E0EB8200B6C099 /* TCTDEVLIB */ = {
			isa = PBXNativeTarget;
			buildConfigurationList = EA9DCBF418E0EB8300B6C099 /* Build configuration list for PBXNativeTarget "TCTDEVLIB" */;
			buildPhases = (
				EA9DCBCD18E0EB8200B6C099 /* Sources */,
				EA9DCBCE18E0EB8200B6C099 /* Frameworks */,
				EA9DCBCF18E0EB8200B6C099 /* Copy Files */,
			);
			buildRules = (
			);
			dependencies = (
			);
			name = TCTDEVLIB;
			productName = TCTDEVLIB;
			productReference = EA9DCBD118E0EB8200B6C099 /* libTCTDEVLIB.a */;
			productType = "com.apple.product-type.library.static";
		};
/* End PBXNativeTarget section */

/* Begin PBXProject section */
		EA9DCBC918E0EB8200B6C099 /* Project object */ = {
			isa = PBXProject;
			attributes = {
				LastUpgradeCheck = 0500;
				ORGANIZATIONNAME = TCTONY;
			};
			buildConfigurationList = EA9DCBCC18E0EB8200B6C099 /* Build configuration list for PBXProject "TCTDEVLIB" */;
			compatibilityVersion = "Xcode 3.2";
			developmentRegion = English;
			hasScannedForEncodings = 0;
			knownRegions = (
				en,
			);
			mainGroup = EA9DCBC818E0EB8200B6C099;
			productRefGroup = EA9DCBD218E0EB8200B6C099 /* Products */;
			projectDirPath = "";
			projectRoot = "";
			targets = (
				EA9DCBD018E0EB8200B6C099 /* TCTDEVLIB */,
			);
		};
/* End PBXProject section */

/* Begin PBXSourcesBuildPhase section */
		EA9DCBCD18E0EB8200B6C099 /* Sources */ = {
			isa = PBXSourcesBuildPhase;
			buildActionMask = 2147483647;
			files = (
				EA9DCBFD18E0EC1300B6C099 /* UIView+TCTAddtion.m in Sources */,
			);
			runOnlyForDeploymentPostprocessing = 0;
		};
/* End PBXSourcesBuildPhase section */

/* Begin XCBuildConfiguration section */
		EA9DCBF218E0EB8300B6C099 /* Debug */ = {
			isa = XCBuildConfiguration;
			buildSettings = {
				ALWAYS_SEARCH_USER_PATHS = NO;
				ARCHS = "$(ARCHS_STANDARD_INCLUDING_64_BIT)";
				CLANG_CXX_LANGUAGE_STANDARD = "gnu++0x";
				CLANG_CXX_LIBRARY = "libc++";
				CLANG_ENABLE_MODULES = YES;
				CLANG_ENABLE_OBJC_ARC = YES;
				CLANG_WARN_BOOL_CONVERSION = YES;
				CLANG_WARN_CONSTANT_CONVERSION = YES;
				CLANG_WARN_DIRECT_OBJC_ISA_USAGE = YES_ERROR;
				CLANG_WARN_EMPTY_BODY = YES;
				CLANG_WARN_ENUM_CONVERSION = YES;
				CLANG_WARN_INT_CONVERSION = YES;
				CLANG_WARN_OBJC_ROOT_CLASS = YES_ERROR;
				CLANG_WARN__DUPLICATE_METHOD_MATCH = YES;
				COPY_PHASE_STRIP = NO;
				GCC_C_LANGUAGE_STANDARD = gnu99;
				GCC_DYNAMIC_NO_PIC = NO;
				GCC_OPTIMIZATION_LEVEL = 0;
				GCC_PREPROCESSOR_DEFINITIONS = (
					"DEBUG=1",
					"$(inherited)",
				);
				GCC_SYMBOLS_PRIVATE_EXTERN = NO;
				GCC_WARN_64_TO_32_BIT_CONVERSION = YES;
				GCC_WARN_ABOUT_RETURN_TYPE = YES_ERROR;
				GCC_WARN_UNDECLARED_SELECTOR = YES;
				GCC_WARN_UNINITIALIZED_AUTOS = YES;
				GCC_WARN_UNUSED_FUNCTION = YES;
				GCC_WARN_UNUSED_VARIABLE = YES;
				IPHONEOS_DEPLOYMENT_TARGET = 7.0;
				ONLY_ACTIVE_ARCH = YES;
				SDKROOT = iphoneos;
			};
			name = Debug;
		};
		EA9DCBF318E0EB8300B6C099 /* Release */ = {
			isa = XCBuildConfiguration;
			buildSettings = {
				ALWAYS_SEARCH_USER_PATHS = NO;
				ARCHS = "$(ARCHS_STANDARD_INCLUDING_64_BIT)";
				CLANG_CXX_LANGUAGE_STANDARD = "gnu++0x";
				CLANG_CXX_LIBRARY = "libc++";
				CLANG_ENABLE_MODULES = YES;
				CLANG_ENABLE_OBJC_ARC = YES;
				CLANG_WARN_BOOL_CONVERSION = YES;
				CLANG_WARN_CONSTANT_CONVERSION = YES;
				CLANG_WARN_DIRECT_OBJC_ISA_USAGE = YES_ERROR;
				CLANG_WARN_EMPTY_BODY = YES;
				CLANG_WARN_ENUM_CONVERSION = YES;
				CLANG_WARN_INT_CONVERSION = YES;
				CLANG_WARN_OBJC_ROOT_CLASS = YES_ERROR;
				CLANG_WARN__DUPLICATE_METHOD_MATCH = YES;
				COPY_PHASE_STRIP = YES;
				ENABLE_NS_ASSERTIONS = NO;
				GCC_C_LANGUAGE_STANDARD = gnu99;
				GCC_WARN_64_TO_32_BIT_CONVERSION = YES;
				GCC_WARN_ABOUT_RETURN_TYPE = YES_ERROR;
				GCC_WARN_UNDECLARED_SELECTOR = YES;
				GCC_WARN_UNINITIALIZED_AUTOS = YES;
				GCC_WARN_UNUSED_FUNCTION = YES;
				GCC_WARN_UNUSED_VARIABLE = YES;
				IPHONEOS_DEPLOYMENT_TARGET = 7.0;
				SDKROOT = iphoneos;
				VALIDATE_PRODUCT = YES;
			};
			name = Release;
		};
		EA9DCBF518E0EB8300B6C099 /* Debug */ = {
			isa = XCBuildConfiguration;
			buildSettings = {
				DSTROOT = /tmp/TCTDEVLIB.dst;
				GCC_PRECOMPILE_PREFIX_HEADER = YES;
				GCC_PREFIX_HEADER = "TCTDEVLIB/TCTDEVLIB-Prefix.pch";
				OTHER_LDFLAGS = "-ObjC";
				PRODUCT_NAME = "$(TARGET_NAME)";
				PUBLIC_HEADERS_FOLDER_PATH = "include/$(TARGET_NAME)";
				SKIP_INSTALL = YES;
			};
			name = Debug;
		};
		EA9DCBF618E0EB8300B6C099 /* Release */ = {
			isa = XCBuildConfiguration;
			buildSettings = {
				DSTROOT = /tmp/TCTDEVLIB.dst;
				GCC_PRECOMPILE_PREFIX_HEADER = YES;
				GCC_PREFIX_HEADER = "TCTDEVLIB/TCTDEVLIB-Prefix.pch";
				OTHER_LDFLAGS = "-ObjC";
				PRODUCT_NAME = "$(TARGET_NAME)";
				PUBLIC_HEADERS_FOLDER_PATH = "include/$(TARGET_NAME)";
				SKIP_INSTALL = YES;
			};
			name = Release;
		};
/* End XCBuildConfiguration section */

/* Begin XCConfigurationList section */
		EA9DCBCC18E0EB8200B6C099 /* Build configuration list for PBXProject "TCTDEVLIB" */ = {
			isa = XCConfigurationList;
			buildConfigurations = (
				EA9DCBF218E0EB8300B6C099 /* Debug */,
				EA9DCBF318E0EB8300B6C099 /* Release */,
			);
			defaultConfigurationIsVisible = 0;
			defaultConfigurationName = Release;
		};
		EA9DCBF418E0EB8300B6C099 /* Build configuration list for PBXNativeTarget "TCTDEVLIB" */ = {
			isa = XCConfigurationList;
			buildConfigurations = (
				EA9DCBF518E0EB8300B6C099 /* Debug */,
				EA9DCBF618E0EB8300B6C099 /* Release */,
			);
			defaultConfigurationIsVisible = 0;
			defaultConfigurationName = Release;
		};
/* End XCConfigurationList section */
	};
	rootObject = EA9DCBC918E0EB8200B6C099 /* Project object */;
}
